<?xml version="1.0" encoding="utf-8"?>
<Project ToolsVersion="4.0" xmlns="http://schemas.microsoft.com/developer/msbuild/2003">
  <ItemGroup>
    <Filter Include="Source Files">
      <UniqueIdentifier>{4FC737F1-C7A5-4376-A066-2A32D752A2FF}</UniqueIdentifier>
      <Extensions>cpp;c;cc;cxx;def;odl;idl;hpj;bat;asm;asmx</Extensions>
    </Filter>
    <Filter Include="Header Files">
      <UniqueIdentifier>{93995380-89BD-4b04-88EB-625FBE52EBFB}</UniqueIdentifier>
      <Extensions>h;hh;hpp;hxx;hm;inl;inc;ipp;xsd</Extensions>
    </Filter>
    <Filter Include="Resource Files">
      <UniqueIdentifier>{67DA6AB6-F800-4c08-8B7A-83BB121AAD01}</UniqueIdentifier>
      <Extensions>rc;ico;cur;bmp;dlg;rc2;rct;bin;rgs;gif;jpg;jpeg;jpe;resx;tiff;tif;png;wav;mfcribbon-ms</Extensions>
    </Filter>
    <Filter Include="Header Files\HookedFunctions">
      <UniqueIdentifier>{62c440bd-6ef8-4687-97d0-8ca73116be4a}</UniqueIdentifier>
    </Filter>
    <Filter Include="Header Files\HookedFunctions\User32">
      <UniqueIdentifier>{b88a7ae9-216e-45c1-a407-53d8b65f771f}</UniqueIdentifier>
    </Filter>
    <Filter Include="Source Files\modules">
      <UniqueIdentifier>{2172bedf-2092-444a-b9d9-1ce556cf7cbc}</UniqueIdentifier>
    </Filter>
  </ItemGroup>
  <ItemGroup>
    <ClCompile Include="mian.cpp">
      <Filter>Source Files</Filter>
    </ClCompile>
    <ClCompile Include="hookedFunctions.cpp">
      <Filter>Source Files</Filter>
    </ClCompile>
    <ClCompile Include="User32.cpp">
      <Filter>Source Files\modules</Filter>
    </ClCompile>
  </ItemGroup>
  <ItemGroup>
    <ClInclude Include="GuiHelper.h">
      <Filter>Header Files</Filter>
    </ClInclude>
    <ClInclude Include="HookHelper.h">
      <Filter>Header Files</Filter>
    </ClInclude>
    <ClInclude Include="hookedFunctions.h">
      <Filter>Header Files</Filter>
    </ClInclude>
    <ClInclude Include="User32.h">
      <Filter>Header Files\HookedFunctions</Filter>
    </ClInclude>
    <ClInclude Include="shared.h">
      <Filter>Header Files</Filter>
    </ClInclude>
    <ClInclude Include="MessageBox.h">
      <Filter>Header Files\HookedFunctions\User32</Filter>
    </ClInclude>
  </ItemGroup>
</Project>